// !$*UTF8*$!
{
	archiveVersion = 1;
	classes = {
	};
	objectVersion = 46;
	objects = {

/* Begin PBXBuildFile section */
		76D5142E1DA803A9008385BD /* AppDelegate.swift in Sources */ = {isa = PBXBuildFile; fileRef = 76D5142D1DA803A9008385BD /* AppDelegate.swift */; };
		76D514301DA803A9008385BD /* MainVC.swift in Sources */ = {isa = PBXBuildFile; fileRef = 76D5142F1DA803A9008385BD /* MainVC.swift */; };
		76D514331DA803AA008385BD /* Main.storyboard in Resources */ = {isa = PBXBuildFile; fileRef = 76D514311DA803AA008385BD /* Main.storyboard */; };
		76D514361DA803AA008385BD /* DreamLister.xcdatamodeld in Sources */ = {isa = PBXBuildFile; fileRef = 76D514341DA803AA008385BD /* DreamLister.xcdatamodeld */; };
		76D514381DA803AA008385BD /* Assets.xcassets in Resources */ = {isa = PBXBuildFile; fileRef = 76D514371DA803AA008385BD /* Assets.xcassets */; };
		76D5143B1DA803AA008385BD /* LaunchScreen.storyboard in Resources */ = {isa = PBXBuildFile; fileRef = 76D514391DA803AA008385BD /* LaunchScreen.storyboard */; };
		76D5144A1DA815F1008385BD /* Item+CoreDataClass.swift in Sources */ = {isa = PBXBuildFile; fileRef = 76D514421DA815F1008385BD /* Item+CoreDataClass.swift */; };
		76D5144B1DA815F1008385BD /* Item+CoreDataProperties.swift in Sources */ = {isa = PBXBuildFile; fileRef = 76D514431DA815F1008385BD /* Item+CoreDataProperties.swift */; };
		76D5144C1DA815F1008385BD /* Store+CoreDataClass.swift in Sources */ = {isa = PBXBuildFile; fileRef = 76D514441DA815F1008385BD /* Store+CoreDataClass.swift */; };
		76D5144D1DA815F1008385BD /* Store+CoreDataProperties.swift in Sources */ = {isa = PBXBuildFile; fileRef = 76D514451DA815F1008385BD /* Store+CoreDataProperties.swift */; };
		76D5144E1DA815F1008385BD /* ItemType+CoreDataClass.swift in Sources */ = {isa = PBXBuildFile; fileRef = 76D514461DA815F1008385BD /* ItemType+CoreDataClass.swift */; };
		76D5144F1DA815F1008385BD /* ItemType+CoreDataProperties.swift in Sources */ = {isa = PBXBuildFile; fileRef = 76D514471DA815F1008385BD /* ItemType+CoreDataProperties.swift */; };
		76D514501DA815F1008385BD /* Image+CoreDataClass.swift in Sources */ = {isa = PBXBuildFile; fileRef = 76D514481DA815F1008385BD /* Image+CoreDataClass.swift */; };
		76D514511DA815F1008385BD /* Image+CoreDataProperties.swift in Sources */ = {isa = PBXBuildFile; fileRef = 76D514491DA815F1008385BD /* Image+CoreDataProperties.swift */; };
		76D514561DA823DA008385BD /* MaterialView.swift in Sources */ = {isa = PBXBuildFile; fileRef = 76D514551DA823DA008385BD /* MaterialView.swift */; };
		76D514581DA82C5F008385BD /* ItemCell.swift in Sources */ = {isa = PBXBuildFile; fileRef = 76D514571DA82C5F008385BD /* ItemCell.swift */; };
/* End PBXBuildFile section */

/* Begin PBXFileReference section */
		76D5142A1DA803A9008385BD /* DreamLister.app */ = {isa = PBXFileReference; explicitFileType = wrapper.application; includeInIndex = 0; path = DreamLister.app; sourceTree = BUILT_PRODUCTS_DIR; };
		76D5142D1DA803A9008385BD /* AppDelegate.swift */ = {isa = PBXFileReference; lastKnownFileType = sourcecode.swift; path = AppDelegate.swift; sourceTree = "<group>"; };
		76D5142F1DA803A9008385BD /* MainVC.swift */ = {isa = PBXFileReference; lastKnownFileType = sourcecode.swift; path = MainVC.swift; sourceTree = "<group>"; };
		76D514321DA803AA008385BD /* Base */ = {isa = PBXFileReference; lastKnownFileType = file.storyboard; name = Base; path = Base.lproj/Main.storyboard; sourceTree = "<group>"; };
		76D514351DA803AA008385BD /* DreamLister.xcdatamodel */ = {isa = PBXFileReference; lastKnownFileType = wrapper.xcdatamodel; path = DreamLister.xcdatamodel; sourceTree = "<group>"; };
		76D514371DA803AA008385BD /* Assets.xcassets */ = {isa = PBXFileReference; lastKnownFileType = folder.assetcatalog; path = Assets.xcassets; sourceTree = "<group>"; };
		76D5143A1DA803AA008385BD /* Base */ = {isa = PBXFileReference; lastKnownFileType = file.storyboard; name = Base; path = Base.lproj/LaunchScreen.storyboard; sourceTree = "<group>"; };
		76D5143C1DA803AA008385BD /* Info.plist */ = {isa = PBXFileReference; lastKnownFileType = text.plist.xml; path = Info.plist; sourceTree = "<group>"; };
		76D514421DA815F1008385BD /* Item+CoreDataClass.swift */ = {isa = PBXFileReference; fileEncoding = 4; lastKnownFileType = sourcecode.swift; path = "Item+CoreDataClass.swift"; sourceTree = "<group>"; };
		76D514431DA815F1008385BD /* Item+CoreDataProperties.swift */ = {isa = PBXFileReference; fileEncoding = 4; lastKnownFileType = sourcecode.swift; path = "Item+CoreDataProperties.swift"; sourceTree = "<group>"; };
		76D514441DA815F1008385BD /* Store+CoreDataClass.swift */ = {isa = PBXFileReference; fileEncoding = 4; lastKnownFileType = sourcecode.swift; path = "Store+CoreDataClass.swift"; sourceTree = "<group>"; };
		76D514451DA815F1008385BD /* Store+CoreDataProperties.swift */ = {isa = PBXFileReference; fileEncoding = 4; lastKnownFileType = sourcecode.swift; path = "Store+CoreDataProperties.swift"; sourceTree = "<group>"; };
		76D514461DA815F1008385BD /* ItemType+CoreDataClass.swift */ = {isa = PBXFileReference; fileEncoding = 4; lastKnownFileType = sourcecode.swift; path = "ItemType+CoreDataClass.swift"; sourceTree = "<group>"; };
		76D514471DA815F1008385BD /* ItemType+CoreDataProperties.swift */ = {isa = PBXFileReference; fileEncoding = 4; lastKnownFileType = sourcecode.swift; path = "ItemType+CoreDataProperties.swift"; sourceTree = "<group>"; };
		76D514481DA815F1008385BD /* Image+CoreDataClass.swift */ = {isa = PBXFileReference; fileEncoding = 4; lastKnownFileType = sourcecode.swift; path = "Image+CoreDataClass.swift"; sourceTree = "<group>"; };
		76D514491DA815F1008385BD /* Image+CoreDataProperties.swift */ = {isa = PBXFileReference; fileEncoding = 4; lastKnownFileType = sourcecode.swift; path = "Image+CoreDataProperties.swift"; sourceTree = "<group>"; };
		76D514551DA823DA008385BD /* MaterialView.swift */ = {isa = PBXFileReference; fileEncoding = 4; lastKnownFileType = sourcecode.swift; path = MaterialView.swift; sourceTree = "<group>"; };
		76D514571DA82C5F008385BD /* ItemCell.swift */ = {isa = PBXFileReference; fileEncoding = 4; lastKnownFileType = sourcecode.swift; path = ItemCell.swift; sourceTree = "<group>"; };
/* End PBXFileReference section */

/* Begin PBXFrameworksBuildPhase section */
		76D514271DA803A9008385BD /* Frameworks */ = {
			isa = PBXFrameworksBuildPhase;
			buildActionMask = 2147483647;
			files = (
			);
			runOnlyForDeploymentPostprocessing = 0;
		};
/* End PBXFrameworksBuildPhase section */

/* Begin PBXGroup section */
		76D514211DA803A9008385BD = {
			isa = PBXGroup;
			children = (
				76D5142C1DA803A9008385BD /* DreamLister */,
				76D5142B1DA803A9008385BD /* Products */,
			);
			sourceTree = "<group>";
		};
		76D5142B1DA803A9008385BD /* Products */ = {
			isa = PBXGroup;
			children = (
				76D5142A1DA803A9008385BD /* DreamLister.app */,
			);
			name = Products;
			sourceTree = "<group>";
		};
		76D5142C1DA803A9008385BD /* DreamLister */ = {
			isa = PBXGroup;
			children = (
				76D514541DA823AE008385BD /* View */,
				76D514521DA815F7008385BD /* Model */,
				76D5142D1DA803A9008385BD /* AppDelegate.swift */,
				76D5142F1DA803A9008385BD /* MainVC.swift */,
				76D514311DA803AA008385BD /* Main.storyboard */,
				76D514371DA803AA008385BD /* Assets.xcassets */,
				76D514391DA803AA008385BD /* LaunchScreen.storyboard */,
				76D5143C1DA803AA008385BD /* Info.plist */,
				76D514341DA803AA008385BD /* DreamLister.xcdatamodeld */,
			);
			path = DreamLister;
			sourceTree = "<group>";
		};
		76D514521DA815F7008385BD /* Model */ = {
			isa = PBXGroup;
			children = (
				76D514421DA815F1008385BD /* Item+CoreDataClass.swift */,
				76D514461DA815F1008385BD /* ItemType+CoreDataClass.swift */,
				76D514481DA815F1008385BD /* Image+CoreDataClass.swift */,
				76D514441DA815F1008385BD /* Store+CoreDataClass.swift */,
				76D514531DA81601008385BD /* Generated */,
			);
			name = Model;
			sourceTree = "<group>";
		};
		76D514531DA81601008385BD /* Generated */ = {
			isa = PBXGroup;
			children = (
				76D514431DA815F1008385BD /* Item+CoreDataProperties.swift */,
				76D514451DA815F1008385BD /* Store+CoreDataProperties.swift */,
				76D514471DA815F1008385BD /* ItemType+CoreDataProperties.swift */,
				76D514491DA815F1008385BD /* Image+CoreDataProperties.swift */,
			);
			name = Generated;
			sourceTree = "<group>";
		};
		76D514541DA823AE008385BD /* View */ = {
			isa = PBXGroup;
			children = (
				76D514551DA823DA008385BD /* MaterialView.swift */,
				76D514571DA82C5F008385BD /* ItemCell.swift */,
			);
			name = View;
			sourceTree = "<group>";
		};
/* End PBXGroup section */

/* Begin PBXNativeTarget section */
		76D514291DA803A9008385BD /* DreamLister */ = {
			isa = PBXNativeTarget;
			buildConfigurationList = 76D5143F1DA803AA008385BD /* Build configuration list for PBXNativeTarget "DreamLister" */;
			buildPhases = (
				76D514261DA803A9008385BD /* Sources */,
				76D514271DA803A9008385BD /* Frameworks */,
				76D514281DA803A9008385BD /* Resources */,
			);
			buildRules = (
			);
			dependencies = (
			);
			name = DreamLister;
			productName = DreamLister;
			productReference = 76D5142A1DA803A9008385BD /* DreamLister.app */;
			productType = "com.apple.product-type.application";
		};
/* End PBXNativeTarget section */

/* Begin PBXProject section */
		76D514221DA803A9008385BD /* Project object */ = {
			isa = PBXProject;
			attributes = {
				LastSwiftUpdateCheck = 0800;
				LastUpgradeCheck = 0800;
				ORGANIZATIONNAME = BoogieSquad;
				TargetAttributes = {
					76D514291DA803A9008385BD = {
						CreatedOnToolsVersion = 8.0;
						DevelopmentTeam = G57AD7E667;
						ProvisioningStyle = Automatic;
					};
				};
			};
			buildConfigurationList = 76D514251DA803A9008385BD /* Build configuration list for PBXProject "DreamLister" */;
			compatibilityVersion = "Xcode 3.2";
			developmentRegion = English;
			hasScannedForEncodings = 0;
			knownRegions = (
				en,
				Base,
			);
			mainGroup = 76D514211DA803A9008385BD;
			productRefGroup = 76D5142B1DA803A9008385BD /* Products */;
			projectDirPath = "";
			projectRoot = "";
			targets = (
				76D514291DA803A9008385BD /* DreamLister */,
			);
		};
/* End PBXProject section */

/* Begin PBXResourcesBuildPhase section */
		76D514281DA803A9008385BD /* Resources */ = {
			isa = PBXResourcesBuildPhase;
			buildActionMask = 2147483647;
			files = (
				76D5143B1DA803AA008385BD /* LaunchScreen.storyboard in Resources */,
				76D514381DA803AA008385BD /* Assets.xcassets in Resources */,
				76D514331DA803AA008385BD /* Main.storyboard in Resources */,
			);
			runOnlyForDeploymentPostprocessing = 0;
		};
/* End PBXResourcesBuildPhase section */

/* Begin PBXSourcesBuildPhase section */
		76D514261DA803A9008385BD /* Sources */ = {
			isa = PBXSourcesBuildPhase;
			buildActionMask = 2147483647;
			files = (
				76D514581DA82C5F008385BD /* ItemCell.swift in Sources */,
				76D514301DA803A9008385BD /* MainVC.swift in Sources */,
				76D5144C1DA815F1008385BD /* Store+CoreDataClass.swift in Sources */,
				76D5144F1DA815F1008385BD /* ItemType+CoreDataProperties.swift in Sources */,
				76D514561DA823DA008385BD /* MaterialView.swift in Sources */,
				76D5142E1DA803A9008385BD /* AppDelegate.swift in Sources */,
				76D5144A1DA815F1008385BD /* Item+CoreDataClass.swift in Sources */,
				76D5144E1DA815F1008385BD /* ItemType+CoreDataClass.swift in Sources */,
				76D5144D1DA815F1008385BD /* Store+CoreDataProperties.swift in Sources */,
				76D514361DA803AA008385BD /* DreamLister.xcdatamodeld in Sources */,
				76D5144B1DA815F1008385BD /* Item+CoreDataProperties.swift in Sources */,
				76D514501DA815F1008385BD /* Image+CoreDataClass.swift in Sources */,
				76D514511DA815F1008385BD /* Image+CoreDataProperties.swift in Sources */,
			);
			runOnlyForDeploymentPostprocessing = 0;
		};
/* End PBXSourcesBuildPhase section */

/* Begin PBXVariantGroup section */
		76D514311DA803AA008385BD /* Main.storyboard */ = {
			isa = PBXVariantGroup;
			children = (
				76D514321DA803AA008385BD /* Base */,
			);
			name = Main.storyboard;
			sourceTree = "<group>";
		};
		76D514391DA803AA008385BD /* LaunchScreen.storyboard */ = {
			isa = PBXVariantGroup;
			children = (
				76D5143A1DA803AA008385BD /* Base */,
			);
			name = LaunchScreen.storyboard;
			sourceTree = "<group>";
		};
/* End PBXVariantGroup section */

/* Begin XCBuildConfiguration section */
		76D5143D1DA803AA008385BD /* Debug */ = {
			isa = XCBuildConfiguration;
			buildSettings = {
				ALWAYS_SEARCH_USER_PATHS = NO;
				CLANG_ANALYZER_NONNULL = YES;
				CLANG_CXX_LANGUAGE_STANDARD = "gnu++0x";
				CLANG_CXX_LIBRARY = "libc++";
				CLANG_ENABLE_MODULES = YES;
				CLANG_ENABLE_OBJC_ARC = YES;
				CLANG_WARN_BOOL_CONVERSION = YES;
				CLANG_WARN_CONSTANT_CONVERSION = YES;
				CLANG_WARN_DIRECT_OBJC_ISA_USAGE = YES_ERROR;
				CLANG_WARN_DOCUMENTATION_COMMENTS = YES;
				CLANG_WARN_EMPTY_BODY = YES;
				CLANG_WARN_ENUM_CONVERSION = YES;
				CLANG_WARN_INFINITE_RECURSION = YES;
				CLANG_WARN_INT_CONVERSION = YES;
				CLANG_WARN_OBJC_ROOT_CLASS = YES_ERROR;
				CLANG_WARN_SUSPICIOUS_MOVES = YES;
				CLANG_WARN_UNREACHABLE_CODE = YES;
				CLANG_WARN__DUPLICATE_METHOD_MATCH = YES;
				"CODE_SIGN_IDENTITY[sdk=iphoneos*]" = "iPhone Developer";
				COPY_PHASE_STRIP = NO;
				DEBUG_INFORMATION_FORMAT = dwarf;
				ENABLE_STRICT_OBJC_MSGSEND = YES;
				ENABLE_TESTABILITY = YES;
				GCC_C_LANGUAGE_STANDARD = gnu99;
				GCC_DYNAMIC_NO_PIC = NO;
				GCC_NO_COMMON_BLOCKS = YES;
				GCC_OPTIMIZATION_LEVEL = 0;
				GCC_PREPROCESSOR_DEFINITIONS = (
					"DEBUG=1",
					"$(inherited)",
				);
				GCC_WARN_64_TO_32_BIT_CONVERSION = YES;
				GCC_WARN_ABOUT_RETURN_TYPE = YES_ERROR;
				GCC_WARN_UNDECLARED_SELECTOR = YES;
				GCC_WARN_UNINITIALIZED_AUTOS = YES_AGGRESSIVE;
				GCC_WARN_UNUSED_FUNCTION = YES;
				GCC_WARN_UNUSED_VARIABLE = YES;
				IPHONEOS_DEPLOYMENT_TARGET = 10.0;
				MTL_ENABLE_DEBUG_INFO = YES;
				ONLY_ACTIVE_ARCH = YES;
				SDKROOT = iphoneos;
				SWIFT_ACTIVE_COMPILATION_CONDITIONS = DEBUG;
				SWIFT_OPTIMIZATION_LEVEL = "-Onone";
				TARGETED_DEVICE_FAMILY = "1,2";
			};
			name = Debug;
		};
		76D5143E1DA803AA008385BD /* Release */ = {
			isa = XCBuildConfiguration;
			buildSettings = {
				ALWAYS_SEARCH_USER_PATHS = NO;
				CLANG_ANALYZER_NONNULL = YES;
				CLANG_CXX_LANGUAGE_STANDARD = "gnu++0x";
				CLANG_CXX_LIBRARY = "libc++";
				CLANG_ENABLE_MODULES = YES;
				CLANG_ENABLE_OBJC_ARC = YES;
				CLANG_WARN_BOOL_CONVERSION = YES;
				CLANG_WARN_CONSTANT_CONVERSION = YES;
				CLANG_WARN_DIRECT_OBJC_ISA_USAGE = YES_ERROR;
				CLANG_WARN_DOCUMENTATION_COMMENTS = YES;
				CLANG_WARN_EMPTY_BODY = YES;
				CLANG_WARN_ENUM_CONVERSION = YES;
				CLANG_WARN_INFINITE_RECURSION = YES;
				CLANG_WARN_INT_CONVERSION = YES;
				CLANG_WARN_OBJC_ROOT_CLASS = YES_ERROR;
				CLANG_WARN_SUSPICIOUS_MOVES = YES;
				CLANG_WARN_UNREACHABLE_CODE = YES;
				CLANG_WARN__DUPLICATE_METHOD_MATCH = YES;
				"CODE_SIGN_IDENTITY[sdk=iphoneos*]" = "iPhone Developer";
				COPY_PHASE_STRIP = NO;
				DEBUG_INFORMATION_FORMAT = "dwarf-with-dsym";
				ENABLE_NS_ASSERTIONS = NO;
				ENABLE_STRICT_OBJC_MSGSEND = YES;
				GCC_C_LANGUAGE_STANDARD = gnu99;
				GCC_NO_COMMON_BLOCKS = YES;
				GCC_WARN_64_TO_32_BIT_CONVERSION = YES;
				GCC_WARN_ABOUT_RETURN_TYPE = YES_ERROR;
				GCC_WARN_UNDECLARED_SELECTOR = YES;
				GCC_WARN_UNINITIALIZED_AUTOS = YES_AGGRESSIVE;
				GCC_WARN_UNUSED_FUNCTION = YES;
				GCC_WARN_UNUSED_VARIABLE = YES;
				IPHONEOS_DEPLOYMENT_TARGET = 10.0;
				MTL_ENABLE_DEBUG_INFO = NO;
				SDKROOT = iphoneos;
				SWIFT_OPTIMIZATION_LEVEL = "-Owholemodule";
				TARGETED_DEVICE_FAMILY = "1,2";
				VALIDATE_PRODUCT = YES;
			};
			name = Release;
		};
		76D514401DA803AA008385BD /* Debug */ = {
			isa = XCBuildConfiguration;
			buildSettings = {
				ASSETCATALOG_COMPILER_APPICON_NAME = AppIcon;
				DEVELOPMENT_TEAM = G57AD7E667;
				INFOPLIST_FILE = DreamLister/Info.plist;
				LD_RUNPATH_SEARCH_PATHS = "$(inherited) @executable_path/Frameworks";
				PRODUCT_BUNDLE_IDENTIFIER = "com.-BoogieSquad.DreamLister";
				PRODUCT_NAME = "$(TARGET_NAME)";
				SWIFT_VERSION = 3.0;
			};
			name = Debug;
		};
		76D514411DA803AA008385BD /* Release */ = {
			isa = XCBuildConfiguration;
			buildSettings = {
				ASSETCATALOG_COMPILER_APPICON_NAME = AppIcon;
				DEVELOPMENT_TEAM = G57AD7E667;
				INFOPLIST_FILE = DreamLister/Info.plist;
				LD_RUNPATH_SEARCH_PATHS = "$(inherited) @executable_path/Frameworks";
				PRODUCT_BUNDLE_IDENTIFIER = "com.-BoogieSquad.DreamLister";
				PRODUCT_NAME = "$(TARGET_NAME)";
				SWIFT_VERSION = 3.0;
			};
			name = Release;
		};
/* End XCBuildConfiguration section */

/* Begin XCConfigurationList section */
		76D514251DA803A9008385BD /* Build configuration list for PBXProject "DreamLister" */ = {
			isa = XCConfigurationList;
			buildConfigurations = (
				76D5143D1DA803AA008385BD /* Debug */,
				76D5143E1DA803AA008385BD /* Release */,
			);
			defaultConfigurationIsVisible = 0;
			defaultConfigurationName = Release;
		};
		76D5143F1DA803AA008385BD /* Build configuration list for PBXNativeTarget "DreamLister" */ = {
			isa = XCConfigurationList;
			buildConfigurations = (
				76D514401DA803AA008385BD /* Debug */,
				76D514411DA803AA008385BD /* Release */,
			);
			defaultConfigurationIsVisible = 0;
		};
/* End XCConfigurationList section */

/* Begin XCVersionGroup section */
		76D514341DA803AA008385BD /* DreamLister.xcdatamodeld */ = {
			isa = XCVersionGroup;
			children = (
				76D514351DA803AA008385BD /* DreamLister.xcdatamodel */,
			);
			currentVersion = 76D514351DA803AA008385BD /* DreamLister.xcdatamodel */;
			path = DreamLister.xcdatamodeld;
			sourceTree = "<group>";
			versionGroupType = wrapper.xcdatamodel;
		};
/* End XCVersionGroup section */
	};
	rootObject = 76D514221DA803A9008385BD /* Project object */;
}
